# This is a Gradle generated file for dependency locking.
# Manual edits can break the build and are not advised.
# This file is expected to be part of source control.
com.ethlo.time:itu:1.14.0=compileClasspath,runtimeClasspath,testCompileClasspath,testRuntimeClasspath
com.fasterxml.jackson.core:jackson-annotations:2.18.3=compileClasspath,runtimeClasspath,testCompileClasspath,testRuntimeClasspath
com.fasterxml.jackson.core:jackson-core:2.18.3=compileClasspath,runtimeClasspath,testCompileClasspath,testRuntimeClasspath
com.fasterxml.jackson.core:jackson-databind:2.18.3=compileClasspath,runtimeClasspath,testCompileClasspath,testRuntimeClasspath
com.fasterxml.jackson.dataformat:jackson-dataformat-yaml:2.18.3=compileClasspath,runtimeClasspath,testCompileClasspath,testRuntimeClasspath
com.fasterxml.jackson:jackson-bom:2.18.3=compileClasspath,runtimeClasspath,testCompileClasspath,testRuntimeClasspath
com.networknt:json-schema-validator:2.0.1=compileClasspath,runtimeClasspath,testCompileClasspath,testRuntimeClasspath
org.jruby.jcodings:jcodings:1.0.63=compileClasspath,runtimeClasspath,testCompileClasspath,testRuntimeClasspath
org.jruby.joni:joni:2.2.6=compileClasspath,runtimeClasspath,testCompileClasspath,testRuntimeClasspath
org.slf4j:slf4j-api:2.0.17=compileClasspath,runtimeClasspath,testCompileClasspath,testRuntimeClasspath
org.slf4j:slf4j-nop:2.0.17=runtimeClasspath,testRuntimeClasspath
org.yaml:snakeyaml:2.3=compileClasspath,runtimeClasspath,testCompileClasspath,testRuntimeClasspath
empty=annotationProcessor,testAnnotationProcessor
